
Microsoft Visual Studio Solution File, Format Version 12.00
# Visual Studio Version 17
VisualStudioVersion = 17.11.35222.181
MinimumVisualStudioVersion = 10.0.40219.1
Project("{9A19103F-16F7-4668-BE54-9A1E7A4F7556}") = "AlternativeEnergy.Bootstrapper", "Bootstrapper\AlternativeEnergy.Bootstrapper.csproj", "{627F7112-A94E-4C78-85D5-85F47B5D09A8}"
	ProjectSection(ProjectDependencies) = postProject
		{20C43146-6DF8-425A-A3C0-5F009718CA31} = {20C43146-6DF8-425A-A3C0-5F009718CA31}
	EndProjectSection
EndProject
Project("{9A19103F-16F7-4668-BE54-9A1E7A4F7556}") = "AlternativeEnergy.Infrastructure", "_Shared\AlternativeEnergy.Infrastructure\AlternativeEnergy.Infrastructure.csproj", "{8CC3F195-44D2-454F-9185-D929F7056884}"
EndProject
Project("{2150E333-8FDC-42A3-9474-1A3956D46DE8}") = "Identity", "Identity", "{25C0C9AD-2D55-4A28-9305-AC205FAAB659}"
EndProject
Project("{9A19103F-16F7-4668-BE54-9A1E7A4F7556}") = "AlternativeEnergy.Identity.Domain", "Modules\Identity\AlternativeEnergy.Identity.Domain\AlternativeEnergy.Identity.Domain.csproj", "{6330B6D8-346E-46EE-B27D-C6270293929D}"
	ProjectSection(ProjectDependencies) = postProject
		{55E1CE90-B728-4455-8320-E916A2F70A87} = {55E1CE90-B728-4455-8320-E916A2F70A87}
	EndProjectSection
EndProject
Project("{9A19103F-16F7-4668-BE54-9A1E7A4F7556}") = "AlternativeEnergy.Identity.Application", "Modules\Identity\AlternativeEnergy.Identity.Application\AlternativeEnergy.Identity.Application.csproj", "{5823504E-63F8-4E61-B308-AA328C3D5DB7}"
EndProject
Project("{9A19103F-16F7-4668-BE54-9A1E7A4F7556}") = "AlternativeEnergy.Identity.Infrastructure", "Modules\Identity\AlternativeEnergy.Identity.Infrastructure\AlternativeEnergy.Identity.Infrastructure.csproj", "{5DB06CD7-7EFC-46CA-9FB0-9EFAA64564DA}"
	ProjectSection(ProjectDependencies) = postProject
		{8CC3F195-44D2-454F-9185-D929F7056884} = {8CC3F195-44D2-454F-9185-D929F7056884}
	EndProjectSection
EndProject
Project("{9A19103F-16F7-4668-BE54-9A1E7A4F7556}") = "AlternativeEnergy.Identity.API", "Modules\Identity\AlternativeEnergy.Identity.API\AlternativeEnergy.Identity.API.csproj", "{20C43146-6DF8-425A-A3C0-5F009718CA31}"
	ProjectSection(ProjectDependencies) = postProject
		{5DB06CD7-7EFC-46CA-9FB0-9EFAA64564DA} = {5DB06CD7-7EFC-46CA-9FB0-9EFAA64564DA}
	EndProjectSection
EndProject
Project("{2150E333-8FDC-42A3-9474-1A3956D46DE8}") = "_Shared", "_Shared", "{C1EAA754-413D-4AE4-B157-FA43311FD8CB}"
EndProject
Project("{2150E333-8FDC-42A3-9474-1A3956D46DE8}") = "Sources", "Sources", "{F47EE4C3-8BAA-4DBA-8D23-7103614A0AE6}"
EndProject
Project("{9A19103F-16F7-4668-BE54-9A1E7A4F7556}") = "AlternativeEnergy.Sources.API", "Modules\Sources\AlternativeEnergy.Sources.API\AlternativeEnergy.Sources.API.csproj", "{C64B155C-0842-41A3-8BE5-0E640865E495}"
	ProjectSection(ProjectDependencies) = postProject
		{389D8D51-17B9-4271-928A-31B5D7167B82} = {389D8D51-17B9-4271-928A-31B5D7167B82}
	EndProjectSection
EndProject
Project("{9A19103F-16F7-4668-BE54-9A1E7A4F7556}") = "AlternativeEnergy.Sources.Domain", "Modules\Sources\AlternativeEnergy.Sources.Domain\AlternativeEnergy.Sources.Domain.csproj", "{D14B6ED3-73A6-42CA-9AB1-D253CA0ED1BE}"
	ProjectSection(ProjectDependencies) = postProject
		{55E1CE90-B728-4455-8320-E916A2F70A87} = {55E1CE90-B728-4455-8320-E916A2F70A87}
	EndProjectSection
EndProject
Project("{9A19103F-16F7-4668-BE54-9A1E7A4F7556}") = "AlternativeEnergy.Sources.Infrastructure", "Modules\Sources\AlternativeEnergy.Sources.Infrastructure\AlternativeEnergy.Sources.Infrastructure.csproj", "{E6F32175-8F8C-4DF1-8A68-6B7A7988F2D2}"
EndProject
Project("{9A19103F-16F7-4668-BE54-9A1E7A4F7556}") = "AlternativeEnergy.Sources.Application", "Modules\Sources\AlternativeEnergy.Sources.Application\AlternativeEnergy.Sources.Application.csproj", "{389D8D51-17B9-4271-928A-31B5D7167B82}"
	ProjectSection(ProjectDependencies) = postProject
		{D14B6ED3-73A6-42CA-9AB1-D253CA0ED1BE} = {D14B6ED3-73A6-42CA-9AB1-D253CA0ED1BE}
		{E6F32175-8F8C-4DF1-8A68-6B7A7988F2D2} = {E6F32175-8F8C-4DF1-8A68-6B7A7988F2D2}
	EndProjectSection
EndProject
Project("{9A19103F-16F7-4668-BE54-9A1E7A4F7556}") = "AlternativeEnergy.DDD", "_Shared\AlternativeEnergy.DDD\AlternativeEnergy.DDD.csproj", "{55E1CE90-B728-4455-8320-E916A2F70A87}"
EndProject
Project("{2150E333-8FDC-42A3-9474-1A3956D46DE8}") = "Regions", "Regions", "{6FD04CEA-2F4E-486B-9BD8-C16666DC04DF}"
EndProject
Project("{9A19103F-16F7-4668-BE54-9A1E7A4F7556}") = "AlternativeEnergy.Regions.Domain", "Modules\Region\AlternativeEnergy.Regions.Domain\AlternativeEnergy.Regions.Domain.csproj", "{66F56BBD-F3E0-4AA4-ACCB-0001B61F1394}"
	ProjectSection(ProjectDependencies) = postProject
		{55E1CE90-B728-4455-8320-E916A2F70A87} = {55E1CE90-B728-4455-8320-E916A2F70A87}
	EndProjectSection
EndProject
Project("{9A19103F-16F7-4668-BE54-9A1E7A4F7556}") = "AlternativeEnergy.Regions.Infrastructure", "Modules\Region\AlternativeEnergy.Regions.Infrastructure\AlternativeEnergy.Regions.Infrastructure.csproj", "{79D588EF-C9D0-49A2-ADE8-2D805BB4F233}"
EndProject
Project("{9A19103F-16F7-4668-BE54-9A1E7A4F7556}") = "AlternativeEnergy.Regions.API", "Modules\Region\AlternativeEnergy.Regions.API\AlternativeEnergy.Regions.API.csproj", "{1C4ACDE9-F95D-4F05-9E64-668B11B28F3F}"
EndProject
Project("{9A19103F-16F7-4668-BE54-9A1E7A4F7556}") = "AlternativeEnergy.Regions.Application", "Modules\Region\AlternativeEnergy.Regions.Application\AlternativeEnergy.Regions.Application.csproj", "{686E42B2-8B7A-4B1A-A5E9-CB8CF7864F4F}"
	ProjectSection(ProjectDependencies) = postProject
		{66F56BBD-F3E0-4AA4-ACCB-0001B61F1394} = {66F56BBD-F3E0-4AA4-ACCB-0001B61F1394}
		{79D588EF-C9D0-49A2-ADE8-2D805BB4F233} = {79D588EF-C9D0-49A2-ADE8-2D805BB4F233}
		{F4709792-D302-4C2A-9E05-CD5AF9D5BBFC} = {F4709792-D302-4C2A-9E05-CD5AF9D5BBFC}
	EndProjectSection
EndProject
Project("{9A19103F-16F7-4668-BE54-9A1E7A4F7556}") = "AlternativeEnergy.Messaging", "_Shared\AlternativeEnergy.Messaging\AlternativeEnergy.Messaging.csproj", "{F4709792-D302-4C2A-9E05-CD5AF9D5BBFC}"
EndProject
Project("{9A19103F-16F7-4668-BE54-9A1E7A4F7556}") = "AlternativeEnergy.Modules", "_Shared\AlternativeEnergy.Modules\AlternativeEnergy.Modules.csproj", "{C8F7184B-7BF6-449D-A7D2-D5F0D189A8E5}"
EndProject
Project("{9A19103F-16F7-4668-BE54-9A1E7A4F7556}") = "AlternativeEnergy.Events", "_Shared\AlternativeEnergy.Events\AlternativeEnergy.Events.csproj", "{294A5396-196B-4242-B5DD-36B3A56753C7}"
EndProject
Project("{2150E333-8FDC-42A3-9474-1A3956D46DE8}") = "Footprints", "Footprints", "{080AFFC9-F4B3-4BB5-9997-C7F5BDA265C5}"
EndProject
Project("{9A19103F-16F7-4668-BE54-9A1E7A4F7556}") = "AlternativeEnergy.Footprints.Domain", "Modules\Footprints\AlternativeEnergy.Footprints.Domain\AlternativeEnergy.Footprints.Domain.csproj", "{EEC1B6A3-FE1F-43FD-9839-4363E8631DDD}"
EndProject
Project("{2150E333-8FDC-42A3-9474-1A3956D46DE8}") = "Pollutants", "Pollutants", "{108C2F80-B85C-4261-B104-EFEE96251B0A}"
EndProject
Project("{9A19103F-16F7-4668-BE54-9A1E7A4F7556}") = "AlternativeEnergy.Pollutants.Domain", "Modules\Pollutants\AlternativeEnergy.Pollutants.Domain\AlternativeEnergy.Pollutants.Domain.csproj", "{96AA8993-C04B-4408-8916-A2CE5B96D7B9}"
	ProjectSection(ProjectDependencies) = postProject
		{294A5396-196B-4242-B5DD-36B3A56753C7} = {294A5396-196B-4242-B5DD-36B3A56753C7}
	EndProjectSection
EndProject
Project("{FAE04EC0-301F-11D3-BF4B-00C04F79EFBC}") = "AlternativeEnergy.Pollutants.Infrastructure", "Modules\Pollutants\AlternativeEnergy.Pollutants.Infrastructure\AlternativeEnergy.Pollutants.Infrastructure.csproj", "{1D888887-92F2-4ED3-A0C7-303B3018D2B3}"
EndProject
Project("{FAE04EC0-301F-11D3-BF4B-00C04F79EFBC}") = "AlternativeEnergy.Pollutants.Application", "Modules\Pollutants\AlternativeEnergy.Pollutants.Application\AlternativeEnergy.Pollutants.Application.csproj", "{885511A3-7055-4540-AF1D-B70B64CE8836}"
EndProject
Project("{FAE04EC0-301F-11D3-BF4B-00C04F79EFBC}") = "AlternativeEnergy.Pollutants.API", "Modules\Pollutants\AlternativeEnergy.Pollutants.API\AlternativeEnergy.Pollutants.API.csproj", "{851F8682-B77D-4CA7-841D-172DC068ECF0}"
	ProjectSection(ProjectDependencies) = postProject
		{1D888887-92F2-4ED3-A0C7-303B3018D2B3} = {1D888887-92F2-4ED3-A0C7-303B3018D2B3}
		{885511A3-7055-4540-AF1D-B70B64CE8836} = {885511A3-7055-4540-AF1D-B70B64CE8836}
	EndProjectSection
EndProject
Global
	GlobalSection(SolutionConfigurationPlatforms) = preSolution
		Debug|Any CPU = Debug|Any CPU
		Release|Any CPU = Release|Any CPU
	EndGlobalSection
	GlobalSection(ProjectConfigurationPlatforms) = postSolution
		{627F7112-A94E-4C78-85D5-85F47B5D09A8}.Debug|Any CPU.ActiveCfg = Debug|Any CPU
		{627F7112-A94E-4C78-85D5-85F47B5D09A8}.Debug|Any CPU.Build.0 = Debug|Any CPU
		{627F7112-A94E-4C78-85D5-85F47B5D09A8}.Release|Any CPU.ActiveCfg = Release|Any CPU
		{627F7112-A94E-4C78-85D5-85F47B5D09A8}.Release|Any CPU.Build.0 = Release|Any CPU
		{8CC3F195-44D2-454F-9185-D929F7056884}.Debug|Any CPU.ActiveCfg = Debug|Any CPU
		{8CC3F195-44D2-454F-9185-D929F7056884}.Debug|Any CPU.Build.0 = Debug|Any CPU
		{8CC3F195-44D2-454F-9185-D929F7056884}.Release|Any CPU.ActiveCfg = Release|Any CPU
		{8CC3F195-44D2-454F-9185-D929F7056884}.Release|Any CPU.Build.0 = Release|Any CPU
		{6330B6D8-346E-46EE-B27D-C6270293929D}.Debug|Any CPU.ActiveCfg = Debug|Any CPU
		{6330B6D8-346E-46EE-B27D-C6270293929D}.Debug|Any CPU.Build.0 = Debug|Any CPU
		{6330B6D8-346E-46EE-B27D-C6270293929D}.Release|Any CPU.ActiveCfg = Release|Any CPU
		{6330B6D8-346E-46EE-B27D-C6270293929D}.Release|Any CPU.Build.0 = Release|Any CPU
		{5823504E-63F8-4E61-B308-AA328C3D5DB7}.Debug|Any CPU.ActiveCfg = Debug|Any CPU
		{5823504E-63F8-4E61-B308-AA328C3D5DB7}.Debug|Any CPU.Build.0 = Debug|Any CPU
		{5823504E-63F8-4E61-B308-AA328C3D5DB7}.Release|Any CPU.ActiveCfg = Release|Any CPU
		{5823504E-63F8-4E61-B308-AA328C3D5DB7}.Release|Any CPU.Build.0 = Release|Any CPU
		{5DB06CD7-7EFC-46CA-9FB0-9EFAA64564DA}.Debug|Any CPU.ActiveCfg = Debug|Any CPU
		{5DB06CD7-7EFC-46CA-9FB0-9EFAA64564DA}.Debug|Any CPU.Build.0 = Debug|Any CPU
		{5DB06CD7-7EFC-46CA-9FB0-9EFAA64564DA}.Release|Any CPU.ActiveCfg = Release|Any CPU
		{5DB06CD7-7EFC-46CA-9FB0-9EFAA64564DA}.Release|Any CPU.Build.0 = Release|Any CPU
		{20C43146-6DF8-425A-A3C0-5F009718CA31}.Debug|Any CPU.ActiveCfg = Debug|Any CPU
		{20C43146-6DF8-425A-A3C0-5F009718CA31}.Debug|Any CPU.Build.0 = Debug|Any CPU
		{20C43146-6DF8-425A-A3C0-5F009718CA31}.Release|Any CPU.ActiveCfg = Release|Any CPU
		{20C43146-6DF8-425A-A3C0-5F009718CA31}.Release|Any CPU.Build.0 = Release|Any CPU
		{C64B155C-0842-41A3-8BE5-0E640865E495}.Debug|Any CPU.ActiveCfg = Debug|Any CPU
		{C64B155C-0842-41A3-8BE5-0E640865E495}.Debug|Any CPU.Build.0 = Debug|Any CPU
		{C64B155C-0842-41A3-8BE5-0E640865E495}.Release|Any CPU.ActiveCfg = Release|Any CPU
		{C64B155C-0842-41A3-8BE5-0E640865E495}.Release|Any CPU.Build.0 = Release|Any CPU
		{D14B6ED3-73A6-42CA-9AB1-D253CA0ED1BE}.Debug|Any CPU.ActiveCfg = Debug|Any CPU
		{D14B6ED3-73A6-42CA-9AB1-D253CA0ED1BE}.Debug|Any CPU.Build.0 = Debug|Any CPU
		{D14B6ED3-73A6-42CA-9AB1-D253CA0ED1BE}.Release|Any CPU.ActiveCfg = Release|Any CPU
		{D14B6ED3-73A6-42CA-9AB1-D253CA0ED1BE}.Release|Any CPU.Build.0 = Release|Any CPU
		{E6F32175-8F8C-4DF1-8A68-6B7A7988F2D2}.Debug|Any CPU.ActiveCfg = Debug|Any CPU
		{E6F32175-8F8C-4DF1-8A68-6B7A7988F2D2}.Debug|Any CPU.Build.0 = Debug|Any CPU
		{E6F32175-8F8C-4DF1-8A68-6B7A7988F2D2}.Release|Any CPU.ActiveCfg = Release|Any CPU
		{E6F32175-8F8C-4DF1-8A68-6B7A7988F2D2}.Release|Any CPU.Build.0 = Release|Any CPU
		{389D8D51-17B9-4271-928A-31B5D7167B82}.Debug|Any CPU.ActiveCfg = Debug|Any CPU
		{389D8D51-17B9-4271-928A-31B5D7167B82}.Debug|Any CPU.Build.0 = Debug|Any CPU
		{389D8D51-17B9-4271-928A-31B5D7167B82}.Release|Any CPU.ActiveCfg = Release|Any CPU
		{389D8D51-17B9-4271-928A-31B5D7167B82}.Release|Any CPU.Build.0 = Release|Any CPU
		{55E1CE90-B728-4455-8320-E916A2F70A87}.Debug|Any CPU.ActiveCfg = Debug|Any CPU
		{55E1CE90-B728-4455-8320-E916A2F70A87}.Debug|Any CPU.Build.0 = Debug|Any CPU
		{55E1CE90-B728-4455-8320-E916A2F70A87}.Release|Any CPU.ActiveCfg = Release|Any CPU
		{55E1CE90-B728-4455-8320-E916A2F70A87}.Release|Any CPU.Build.0 = Release|Any CPU
		{66F56BBD-F3E0-4AA4-ACCB-0001B61F1394}.Debug|Any CPU.ActiveCfg = Debug|Any CPU
		{66F56BBD-F3E0-4AA4-ACCB-0001B61F1394}.Debug|Any CPU.Build.0 = Debug|Any CPU
		{66F56BBD-F3E0-4AA4-ACCB-0001B61F1394}.Release|Any CPU.ActiveCfg = Release|Any CPU
		{66F56BBD-F3E0-4AA4-ACCB-0001B61F1394}.Release|Any CPU.Build.0 = Release|Any CPU
		{79D588EF-C9D0-49A2-ADE8-2D805BB4F233}.Debug|Any CPU.ActiveCfg = Debug|Any CPU
		{79D588EF-C9D0-49A2-ADE8-2D805BB4F233}.Debug|Any CPU.Build.0 = Debug|Any CPU
		{79D588EF-C9D0-49A2-ADE8-2D805BB4F233}.Release|Any CPU.ActiveCfg = Release|Any CPU
		{79D588EF-C9D0-49A2-ADE8-2D805BB4F233}.Release|Any CPU.Build.0 = Release|Any CPU
		{1C4ACDE9-F95D-4F05-9E64-668B11B28F3F}.Debug|Any CPU.ActiveCfg = Debug|Any CPU
		{1C4ACDE9-F95D-4F05-9E64-668B11B28F3F}.Debug|Any CPU.Build.0 = Debug|Any CPU
		{1C4ACDE9-F95D-4F05-9E64-668B11B28F3F}.Release|Any CPU.ActiveCfg = Release|Any CPU
		{1C4ACDE9-F95D-4F05-9E64-668B11B28F3F}.Release|Any CPU.Build.0 = Release|Any CPU
		{686E42B2-8B7A-4B1A-A5E9-CB8CF7864F4F}.Debug|Any CPU.ActiveCfg = Debug|Any CPU
		{686E42B2-8B7A-4B1A-A5E9-CB8CF7864F4F}.Debug|Any CPU.Build.0 = Debug|Any CPU
		{686E42B2-8B7A-4B1A-A5E9-CB8CF7864F4F}.Release|Any CPU.ActiveCfg = Release|Any CPU
		{686E42B2-8B7A-4B1A-A5E9-CB8CF7864F4F}.Release|Any CPU.Build.0 = Release|Any CPU
		{F4709792-D302-4C2A-9E05-CD5AF9D5BBFC}.Debug|Any CPU.ActiveCfg = Debug|Any CPU
		{F4709792-D302-4C2A-9E05-CD5AF9D5BBFC}.Debug|Any CPU.Build.0 = Debug|Any CPU
		{F4709792-D302-4C2A-9E05-CD5AF9D5BBFC}.Release|Any CPU.ActiveCfg = Release|Any CPU
		{F4709792-D302-4C2A-9E05-CD5AF9D5BBFC}.Release|Any CPU.Build.0 = Release|Any CPU
		{C8F7184B-7BF6-449D-A7D2-D5F0D189A8E5}.Debug|Any CPU.ActiveCfg = Debug|Any CPU
		{C8F7184B-7BF6-449D-A7D2-D5F0D189A8E5}.Debug|Any CPU.Build.0 = Debug|Any CPU
		{C8F7184B-7BF6-449D-A7D2-D5F0D189A8E5}.Release|Any CPU.ActiveCfg = Release|Any CPU
		{C8F7184B-7BF6-449D-A7D2-D5F0D189A8E5}.Release|Any CPU.Build.0 = Release|Any CPU
		{294A5396-196B-4242-B5DD-36B3A56753C7}.Debug|Any CPU.ActiveCfg = Debug|Any CPU
		{294A5396-196B-4242-B5DD-36B3A56753C7}.Debug|Any CPU.Build.0 = Debug|Any CPU
		{294A5396-196B-4242-B5DD-36B3A56753C7}.Release|Any CPU.ActiveCfg = Release|Any CPU
		{294A5396-196B-4242-B5DD-36B3A56753C7}.Release|Any CPU.Build.0 = Release|Any CPU
		{EEC1B6A3-FE1F-43FD-9839-4363E8631DDD}.Debug|Any CPU.ActiveCfg = Debug|Any CPU
		{EEC1B6A3-FE1F-43FD-9839-4363E8631DDD}.Debug|Any CPU.Build.0 = Debug|Any CPU
		{EEC1B6A3-FE1F-43FD-9839-4363E8631DDD}.Release|Any CPU.ActiveCfg = Release|Any CPU
		{EEC1B6A3-FE1F-43FD-9839-4363E8631DDD}.Release|Any CPU.Build.0 = Release|Any CPU
		{96AA8993-C04B-4408-8916-A2CE5B96D7B9}.Debug|Any CPU.ActiveCfg = Debug|Any CPU
		{96AA8993-C04B-4408-8916-A2CE5B96D7B9}.Debug|Any CPU.Build.0 = Debug|Any CPU
		{96AA8993-C04B-4408-8916-A2CE5B96D7B9}.Release|Any CPU.ActiveCfg = Release|Any CPU
		{96AA8993-C04B-4408-8916-A2CE5B96D7B9}.Release|Any CPU.Build.0 = Release|Any CPU
		{1D888887-92F2-4ED3-A0C7-303B3018D2B3}.Debug|Any CPU.ActiveCfg = Debug|Any CPU
		{1D888887-92F2-4ED3-A0C7-303B3018D2B3}.Debug|Any CPU.Build.0 = Debug|Any CPU
		{1D888887-92F2-4ED3-A0C7-303B3018D2B3}.Release|Any CPU.ActiveCfg = Release|Any CPU
		{1D888887-92F2-4ED3-A0C7-303B3018D2B3}.Release|Any CPU.Build.0 = Release|Any CPU
		{885511A3-7055-4540-AF1D-B70B64CE8836}.Debug|Any CPU.ActiveCfg = Debug|Any CPU
		{885511A3-7055-4540-AF1D-B70B64CE8836}.Debug|Any CPU.Build.0 = Debug|Any CPU
		{885511A3-7055-4540-AF1D-B70B64CE8836}.Release|Any CPU.ActiveCfg = Release|Any CPU
		{885511A3-7055-4540-AF1D-B70B64CE8836}.Release|Any CPU.Build.0 = Release|Any CPU
		{851F8682-B77D-4CA7-841D-172DC068ECF0}.Debug|Any CPU.ActiveCfg = Debug|Any CPU
		{851F8682-B77D-4CA7-841D-172DC068ECF0}.Debug|Any CPU.Build.0 = Debug|Any CPU
		{851F8682-B77D-4CA7-841D-172DC068ECF0}.Release|Any CPU.ActiveCfg = Release|Any CPU
		{851F8682-B77D-4CA7-841D-172DC068ECF0}.Release|Any CPU.Build.0 = Release|Any CPU
	EndGlobalSection
	GlobalSection(SolutionProperties) = preSolution
		HideSolutionNode = FALSE
	EndGlobalSection
	GlobalSection(NestedProjects) = preSolution
		{8CC3F195-44D2-454F-9185-D929F7056884} = {C1EAA754-413D-4AE4-B157-FA43311FD8CB}
		{6330B6D8-346E-46EE-B27D-C6270293929D} = {25C0C9AD-2D55-4A28-9305-AC205FAAB659}
		{5823504E-63F8-4E61-B308-AA328C3D5DB7} = {25C0C9AD-2D55-4A28-9305-AC205FAAB659}
		{5DB06CD7-7EFC-46CA-9FB0-9EFAA64564DA} = {25C0C9AD-2D55-4A28-9305-AC205FAAB659}
		{20C43146-6DF8-425A-A3C0-5F009718CA31} = {25C0C9AD-2D55-4A28-9305-AC205FAAB659}
		{C64B155C-0842-41A3-8BE5-0E640865E495} = {F47EE4C3-8BAA-4DBA-8D23-7103614A0AE6}
		{D14B6ED3-73A6-42CA-9AB1-D253CA0ED1BE} = {F47EE4C3-8BAA-4DBA-8D23-7103614A0AE6}
		{E6F32175-8F8C-4DF1-8A68-6B7A7988F2D2} = {F47EE4C3-8BAA-4DBA-8D23-7103614A0AE6}
		{389D8D51-17B9-4271-928A-31B5D7167B82} = {F47EE4C3-8BAA-4DBA-8D23-7103614A0AE6}
		{55E1CE90-B728-4455-8320-E916A2F70A87} = {C1EAA754-413D-4AE4-B157-FA43311FD8CB}
		{66F56BBD-F3E0-4AA4-ACCB-0001B61F1394} = {6FD04CEA-2F4E-486B-9BD8-C16666DC04DF}
		{79D588EF-C9D0-49A2-ADE8-2D805BB4F233} = {6FD04CEA-2F4E-486B-9BD8-C16666DC04DF}
		{1C4ACDE9-F95D-4F05-9E64-668B11B28F3F} = {6FD04CEA-2F4E-486B-9BD8-C16666DC04DF}
		{686E42B2-8B7A-4B1A-A5E9-CB8CF7864F4F} = {6FD04CEA-2F4E-486B-9BD8-C16666DC04DF}
		{F4709792-D302-4C2A-9E05-CD5AF9D5BBFC} = {C1EAA754-413D-4AE4-B157-FA43311FD8CB}
		{C8F7184B-7BF6-449D-A7D2-D5F0D189A8E5} = {C1EAA754-413D-4AE4-B157-FA43311FD8CB}
		{294A5396-196B-4242-B5DD-36B3A56753C7} = {C1EAA754-413D-4AE4-B157-FA43311FD8CB}
		{EEC1B6A3-FE1F-43FD-9839-4363E8631DDD} = {080AFFC9-F4B3-4BB5-9997-C7F5BDA265C5}
		{96AA8993-C04B-4408-8916-A2CE5B96D7B9} = {108C2F80-B85C-4261-B104-EFEE96251B0A}
		{1D888887-92F2-4ED3-A0C7-303B3018D2B3} = {108C2F80-B85C-4261-B104-EFEE96251B0A}
		{885511A3-7055-4540-AF1D-B70B64CE8836} = {108C2F80-B85C-4261-B104-EFEE96251B0A}
		{851F8682-B77D-4CA7-841D-172DC068ECF0} = {108C2F80-B85C-4261-B104-EFEE96251B0A}
	EndGlobalSection
	GlobalSection(ExtensibilityGlobals) = postSolution
		SolutionGuid = {CDB8793A-0801-4503-B2DC-A7FCA6FF6D11}
	EndGlobalSection
EndGlobal
